PODS:
  - Auth0 (2.10.0):
    - JWTDecode (= 3.2.0)
    - SimpleKeychain (= 1.2.0)
  - JWTDecode (3.2.0)
  - SimpleKeychain (1.2.0)

DEPENDENCIES:
  - Auth0 (~> 2.10)

SPEC REPOS:
  trunk:
    - Auth0
    - JWTDecode
    - SimpleKeychain

SPEC CHECKSUMS:
  Auth0: 2876d0c36857422eda9cb580a6cc896c7d14cb36
  JWTDecode: 7dae24cb9bf9b608eae61e5081029ec169bb5527
  SimpleKeychain: 768cf43ae778b1c21816e94dddf01bb8ee96a075

PODFILE CHECKSUM: 1679241ce596b8c83475f74e2187f5d66c73e6ad

COCOAPODS: 1.16.2
